// !$*UTF8*$!
{
	archiveVersion = 1;
	classes = {
	};
	objectVersion = 46;
	objects = {

/* Begin PBXBuildFile section */
		2A2437601D39C8D700F8FA31 /* MainViewController.m in Sources */ = {isa = PBXBuildFile; fileRef = 2A24375F1D39C8D700F8FA31 /* MainViewController.m */; };
		2A2437631D39D83E00F8FA31 /* LLQNavigationController.m in Sources */ = {isa = PBXBuildFile; fileRef = 2A2437621D39D83E00F8FA31 /* LLQNavigationController.m */; };
		2AA319021D38D5D600F64761 /* main.m in Sources */ = {isa = PBXBuildFile; fileRef = 2AA319011D38D5D600F64761 /* main.m */; };
		2AA319051D38D5D600F64761 /* AppDelegate.m in Sources */ = {isa = PBXBuildFile; fileRef = 2AA319041D38D5D600F64761 /* AppDelegate.m */; };
		2AA3190D1D38D5D600F64761 /* Assets.xcassets in Resources */ = {isa = PBXBuildFile; fileRef = 2AA3190C1D38D5D600F64761 /* Assets.xcassets */; };
		2AA319251D38D6F000F64761 /* LeftViewController.m in Sources */ = {isa = PBXBuildFile; fileRef = 2AA319231D38D6F000F64761 /* LeftViewController.m */; };
		2AA319261D38D6F000F64761 /* LeftViewController.xib in Resources */ = {isa = PBXBuildFile; fileRef = 2AA319241D38D6F000F64761 /* LeftViewController.xib */; };
		2AA3193A1D38D7F400F64761 /* MMDrawerBarButtonItem.m in Sources */ = {isa = PBXBuildFile; fileRef = 2AA319321D38D7F400F64761 /* MMDrawerBarButtonItem.m */; };
		2AA3193B1D38D7F400F64761 /* MMDrawerController.m in Sources */ = {isa = PBXBuildFile; fileRef = 2AA319351D38D7F400F64761 /* MMDrawerController.m */; };
		2AA3193C1D38D7F400F64761 /* MMDrawerVisualState.m in Sources */ = {isa = PBXBuildFile; fileRef = 2AA319371D38D7F400F64761 /* MMDrawerVisualState.m */; };
		2AA3193D1D38D7F400F64761 /* UIViewController+MMDrawerController.m in Sources */ = {isa = PBXBuildFile; fileRef = 2AA319391D38D7F400F64761 /* UIViewController+MMDrawerController.m */; };
		2ACD31D71D3DD048006A1B89 /* SearchTableViewCell.m in Sources */ = {isa = PBXBuildFile; fileRef = 2ACD31D51D3DD048006A1B89 /* SearchTableViewCell.m */; };
		2ACD31D81D3DD048006A1B89 /* SearchTableViewCell.xib in Resources */ = {isa = PBXBuildFile; fileRef = 2ACD31D61D3DD048006A1B89 /* SearchTableViewCell.xib */; };
		2AD2CA4B1D40732F006C7D2A /* SegmentView.m in Sources */ = {isa = PBXBuildFile; fileRef = 2AD2CA491D40732F006C7D2A /* SegmentView.m */; };
		2ADEBEA11D3F6156001EE6BE /* MainCellPushController.m in Sources */ = {isa = PBXBuildFile; fileRef = 2ADEBEA01D3F6156001EE6BE /* MainCellPushController.m */; };
		2ADEBEA41D3F74E8001EE6BE /* LLQNavigationHiddenViewController.m in Sources */ = {isa = PBXBuildFile; fileRef = 2ADEBEA31D3F74E8001EE6BE /* LLQNavigationHiddenViewController.m */; };
		2AE34CDB1D3C8A7F004995BF /* MainNearbyView.m in Sources */ = {isa = PBXBuildFile; fileRef = 2AE34CDA1D3C8A7F004995BF /* MainNearbyView.m */; };
		2AE34CDE1D3CB310004995BF /* MainRecommendGroupModel.m in Sources */ = {isa = PBXBuildFile; fileRef = 2AE34CDD1D3CB310004995BF /* MainRecommendGroupModel.m */; };
		2AE34CE21D3CB3DE004995BF /* BVBaseModel.m in Sources */ = {isa = PBXBuildFile; fileRef = 2AE34CE11D3CB3DE004995BF /* BVBaseModel.m */; };
		2AE34CE51D3CB450004995BF /* BaseModel.m in Sources */ = {isa = PBXBuildFile; fileRef = 2AE34CE41D3CB450004995BF /* BaseModel.m */; };
		2AE34CE81D3CB745004995BF /* MainRecommendCellModel.m in Sources */ = {isa = PBXBuildFile; fileRef = 2AE34CE71D3CB745004995BF /* MainRecommendCellModel.m */; };
		2AE34CEF1D3CC15C004995BF /* MainRecommendCell.m in Sources */ = {isa = PBXBuildFile; fileRef = 2AE34CED1D3CC15C004995BF /* MainRecommendCell.m */; };
		2AE34CF01D3CC15C004995BF /* MainRecommendCell.xib in Resources */ = {isa = PBXBuildFile; fileRef = 2AE34CEE1D3CC15C004995BF /* MainRecommendCell.xib */; };
		2AE34CF81D3CE7E1004995BF /* MainRecommendTableHeaderView.m in Sources */ = {isa = PBXBuildFile; fileRef = 2AE34CF71D3CE7E1004995BF /* MainRecommendTableHeaderView.m */; };
		2AE34CFA1D3CE833004995BF /* MainRecommendTableHeaderView.xib in Resources */ = {isa = PBXBuildFile; fileRef = 2AE34CF91D3CE833004995BF /* MainRecommendTableHeaderView.xib */; };
		2AE34CFD1D3D127F004995BF /* SearchViewController.m in Sources */ = {isa = PBXBuildFile; fileRef = 2AE34CFC1D3D127F004995BF /* SearchViewController.m */; };
		513A7D1F1D3F5E9500480BF4 /* CCSegementView.m in Sources */ = {isa = PBXBuildFile; fileRef = 513A7D1E1D3F5E9500480BF4 /* CCSegementView.m */; };
		513A7D211D3F5F3900480BF4 /* CCSegementView.xib in Resources */ = {isa = PBXBuildFile; fileRef = 513A7D201D3F5F3900480BF4 /* CCSegementView.xib */; };
		513A7D271D3F63E800480BF4 /* UIView+XMGExtension.m in Sources */ = {isa = PBXBuildFile; fileRef = 513A7D261D3F63E800480BF4 /* UIView+XMGExtension.m */; };
		889D62E91D3F6EF50027E53C /* SegementCell.xib in Resources */ = {isa = PBXBuildFile; fileRef = 889D62E81D3F6EF50027E53C /* SegementCell.xib */; };
		889D62EC1D3F7A610027E53C /* MXSegementView.m in Sources */ = {isa = PBXBuildFile; fileRef = 889D62EB1D3F7A610027E53C /* MXSegementView.m */; };
		889D62F21D3F8CE90027E53C /* UIView+ViewController.m in Sources */ = {isa = PBXBuildFile; fileRef = 889D62F11D3F8CE90027E53C /* UIView+ViewController.m */; };
		889D62F81D4075D40027E53C /* MXSegementCellCollectionViewCell.m in Sources */ = {isa = PBXBuildFile; fileRef = 889D62F71D4075D40027E53C /* MXSegementCellCollectionViewCell.m */; };
		C6E9AB071D3A249400A15CC1 /* WNXMenuButton.m in Sources */ = {isa = PBXBuildFile; fileRef = C6E9AB061D3A249400A15CC1 /* WNXMenuButton.m */; };
		C6E9AB0A1D3A24C100A15CC1 /* SetingViewController.m in Sources */ = {isa = PBXBuildFile; fileRef = C6E9AB091D3A24C100A15CC1 /* SetingViewController.m */; };
		C6E9AB151D3A250A00A15CC1 /* WNXMessageDeleteButton.m in Sources */ = {isa = PBXBuildFile; fileRef = C6E9AB0C1D3A250A00A15CC1 /* WNXMessageDeleteButton.m */; };
		C6E9AB161D3A250A00A15CC1 /* WNXMessageRefreshHeader.m in Sources */ = {isa = PBXBuildFile; fileRef = C6E9AB0E1D3A250A00A15CC1 /* WNXMessageRefreshHeader.m */; };
		C6E9AB171D3A250A00A15CC1 /* WNXMessageCell.m in Sources */ = {isa = PBXBuildFile; fileRef = C6E9AB101D3A250A00A15CC1 /* WNXMessageCell.m */; };
		C6E9AB181D3A250A00A15CC1 /* WNXMessageCell.xib in Resources */ = {isa = PBXBuildFile; fileRef = C6E9AB111D3A250A00A15CC1 /* WNXMessageCell.xib */; };
		C6E9AB191D3A250A00A15CC1 /* WNXNoHaveMessageView.m in Sources */ = {isa = PBXBuildFile; fileRef = C6E9AB131D3A250A00A15CC1 /* WNXNoHaveMessageView.m */; };
		C6E9AB1A1D3A250A00A15CC1 /* WNXNoHaveMessageView.xib in Resources */ = {isa = PBXBuildFile; fileRef = C6E9AB141D3A250A00A15CC1 /* WNXNoHaveMessageView.xib */; };
		C6E9AB1F1D3A252B00A15CC1 /* WNXMessageViewController.m in Sources */ = {isa = PBXBuildFile; fileRef = C6E9AB1C1D3A252B00A15CC1 /* WNXMessageViewController.m */; };
		C6E9AB201D3A252B00A15CC1 /* WNXMessagePushViewController.m in Sources */ = {isa = PBXBuildFile; fileRef = C6E9AB1E1D3A252B00A15CC1 /* WNXMessagePushViewController.m */; };
		C6E9AB231D3A259100A15CC1 /* WNXMessageModel.m in Sources */ = {isa = PBXBuildFile; fileRef = C6E9AB221D3A259100A15CC1 /* WNXMessageModel.m */; };
		C6E9AB271D3A25EA00A15CC1 /* WNXSetingViewController.m in Sources */ = {isa = PBXBuildFile; fileRef = C6E9AB261D3A25EA00A15CC1 /* WNXSetingViewController.m */; };
		C6E9AB2A1D3A25F600A15CC1 /* WNXSetingView.m in Sources */ = {isa = PBXBuildFile; fileRef = C6E9AB291D3A25F600A15CC1 /* WNXSetingView.m */; };
		C6E9AB301D3A29CE00A15CC1 /* UIBarButtonItem+WNXBarButtonItem.m in Sources */ = {isa = PBXBuildFile; fileRef = C6E9AB2D1D3A29CE00A15CC1 /* UIBarButtonItem+WNXBarButtonItem.m */; };
		C6E9AB311D3A29CE00A15CC1 /* UIImage+Size.m in Sources */ = {isa = PBXBuildFile; fileRef = C6E9AB2F1D3A29CE00A15CC1 /* UIImage+Size.m */; };
		C6E9AB341D3A314F00A15CC1 /* MessageData.plist in Resources */ = {isa = PBXBuildFile; fileRef = C6E9AB331D3A314F00A15CC1 /* MessageData.plist */; };
		D75685C243CB51AEF9C937BE /* libPods-MiMi.a in Frameworks */ = {isa = PBXBuildFile; fileRef = DC93DF00EAB2F12E7286723F /* libPods-MiMi.a */; };
		F05F156F1D3D010400DE454E /* PushFoundCell.m in Sources */ = {isa = PBXBuildFile; fileRef = F05F156D1D3D010400DE454E /* PushFoundCell.m */; };
		F05F15701D3D010400DE454E /* PushFoundCell.xib in Resources */ = {isa = PBXBuildFile; fileRef = F05F156E1D3D010400DE454E /* PushFoundCell.xib */; };
		F05F15731D3D04E700DE454E /* PushFoundModel.m in Sources */ = {isa = PBXBuildFile; fileRef = F05F15721D3D04E700DE454E /* PushFoundModel.m */; };
		F08FC7C91D39144200A0AE0F /* FoundController.m in Sources */ = {isa = PBXBuildFile; fileRef = F08FC7C71D39144200A0AE0F /* FoundController.m */; };
		F08FC7CA1D39144200A0AE0F /* FoundController.xib in Resources */ = {isa = PBXBuildFile; fileRef = F08FC7C81D39144200A0AE0F /* FoundController.xib */; };
		F0E86D551D3A126F009EA5CF /* LoginOrRegisterController.m in Sources */ = {isa = PBXBuildFile; fileRef = F0E86D531D3A126E009EA5CF /* LoginOrRegisterController.m */; };
		F0E86D561D3A126F009EA5CF /* LoginOrRegisterController.xib in Resources */ = {isa = PBXBuildFile; fileRef = F0E86D541D3A126F009EA5CF /* LoginOrRegisterController.xib */; };
		F0E86D591D3A1A4E009EA5CF /* CCCheckInput.m in Sources */ = {isa = PBXBuildFile; fileRef = F0E86D581D3A1A4E009EA5CF /* CCCheckInput.m */; };
		F0E86D5D1D3A59FC009EA5CF /* FoundCell.m in Sources */ = {isa = PBXBuildFile; fileRef = F0E86D5B1D3A59FC009EA5CF /* FoundCell.m */; };
		F0E86D5E1D3A59FC009EA5CF /* FoundCell.xib in Resources */ = {isa = PBXBuildFile; fileRef = F0E86D5C1D3A59FC009EA5CF /* FoundCell.xib */; };
		F0E86D621D3A5C98009EA5CF /* PresentController.m in Sources */ = {isa = PBXBuildFile; fileRef = F0E86D601D3A5C98009EA5CF /* PresentController.m */; };
		F0E86D6C1D3A61C6009EA5CF /* blurData.plist in Resources */ = {isa = PBXBuildFile; fileRef = F0E86D651D3A61C6009EA5CF /* blurData.plist */; };
		F0E86D6D1D3A61C6009EA5CF /* CellDatas.plist in Resources */ = {isa = PBXBuildFile; fileRef = F0E86D661D3A61C6009EA5CF /* CellDatas.plist */; };
		F0E86D6E1D3A61C6009EA5CF /* detailJson in Resources */ = {isa = PBXBuildFile; fileRef = F0E86D671D3A61C6009EA5CF /* detailJson */; };
		F0E86D6F1D3A61C6009EA5CF /* foundData.plist in Resources */ = {isa = PBXBuildFile; fileRef = F0E86D681D3A61C6009EA5CF /* foundData.plist */; };
		F0E86D701D3A61C6009EA5CF /* HomeDatas.plist in Resources */ = {isa = PBXBuildFile; fileRef = F0E86D691D3A61C6009EA5CF /* HomeDatas.plist */; };
		F0E86D711D3A61C6009EA5CF /* infoDatas.plist in Resources */ = {isa = PBXBuildFile; fileRef = F0E86D6A1D3A61C6009EA5CF /* infoDatas.plist */; };
		F0E86D751D3A641C009EA5CF /* FoundModel.m in Sources */ = {isa = PBXBuildFile; fileRef = F0E86D741D3A641C009EA5CF /* FoundModel.m */; };
/* End PBXBuildFile section */

/* Begin PBXFileReference section */
		25D78BDFD5E059D472AFA63D /* Pods-MiMi.release.xcconfig */ = {isa = PBXFileReference; includeInIndex = 1; lastKnownFileType = text.xcconfig; name = "Pods-MiMi.release.xcconfig"; path = "Pods/Target Support Files/Pods-MiMi/Pods-MiMi.release.xcconfig"; sourceTree = "<group>"; };
		2A24375E1D39C8D700F8FA31 /* MainViewController.h */ = {isa = PBXFileReference; fileEncoding = 4; lastKnownFileType = sourcecode.c.h; path = MainViewController.h; sourceTree = "<group>"; };
		2A24375F1D39C8D700F8FA31 /* MainViewController.m */ = {isa = PBXFileReference; fileEncoding = 4; lastKnownFileType = sourcecode.c.objc; path = MainViewController.m; sourceTree = "<group>"; };
		2A2437611D39D83E00F8FA31 /* LLQNavigationController.h */ = {isa = PBXFileReference; fileEncoding = 4; lastKnownFileType = sourcecode.c.h; path = LLQNavigationController.h; sourceTree = "<group>"; };
		2A2437621D39D83E00F8FA31 /* LLQNavigationController.m */ = {isa = PBXFileReference; fileEncoding = 4; lastKnownFileType = sourcecode.c.objc; path = LLQNavigationController.m; sourceTree = "<group>"; };
		2AA318FD1D38D5D600F64761 /* MiMi.app */ = {isa = PBXFileReference; explicitFileType = wrapper.application; includeInIndex = 0; path = MiMi.app; sourceTree = BUILT_PRODUCTS_DIR; };
		2AA319011D38D5D600F64761 /* main.m */ = {isa = PBXFileReference; lastKnownFileType = sourcecode.c.objc; path = main.m; sourceTree = "<group>"; };
		2AA319031D38D5D600F64761 /* AppDelegate.h */ = {isa = PBXFileReference; lastKnownFileType = sourcecode.c.h; path = AppDelegate.h; sourceTree = "<group>"; };
		2AA319041D38D5D600F64761 /* AppDelegate.m */ = {isa = PBXFileReference; lastKnownFileType = sourcecode.c.objc; path = AppDelegate.m; sourceTree = "<group>"; };
		2AA3190C1D38D5D600F64761 /* Assets.xcassets */ = {isa = PBXFileReference; lastKnownFileType = folder.assetcatalog; path = Assets.xcassets; sourceTree = "<group>"; };
		2AA319111D38D5D600F64761 /* Info.plist */ = {isa = PBXFileReference; lastKnownFileType = text.plist.xml; path = Info.plist; sourceTree = "<group>"; };
		2AA319221D38D6F000F64761 /* LeftViewController.h */ = {isa = PBXFileReference; fileEncoding = 4; lastKnownFileType = sourcecode.c.h; path = LeftViewController.h; sourceTree = "<group>"; };
		2AA319231D38D6F000F64761 /* LeftViewController.m */ = {isa = PBXFileReference; fileEncoding = 4; lastKnownFileType = sourcecode.c.objc; path = LeftViewController.m; sourceTree = "<group>"; };
		2AA319241D38D6F000F64761 /* LeftViewController.xib */ = {isa = PBXFileReference; fileEncoding = 4; lastKnownFileType = file.xib; path = LeftViewController.xib; sourceTree = "<group>"; };
		2AA319311D38D7F400F64761 /* MMDrawerBarButtonItem.h */ = {isa = PBXFileReference; fileEncoding = 4; lastKnownFileType = sourcecode.c.h; path = MMDrawerBarButtonItem.h; sourceTree = "<group>"; };
		2AA319321D38D7F400F64761 /* MMDrawerBarButtonItem.m */ = {isa = PBXFileReference; fileEncoding = 4; lastKnownFileType = sourcecode.c.objc; path = MMDrawerBarButtonItem.m; sourceTree = "<group>"; };
		2AA319331D38D7F400F64761 /* MMDrawerController+Subclass.h */ = {isa = PBXFileReference; fileEncoding = 4; lastKnownFileType = sourcecode.c.h; path = "MMDrawerController+Subclass.h"; sourceTree = "<group>"; };
		2AA319341D38D7F400F64761 /* MMDrawerController.h */ = {isa = PBXFileReference; fileEncoding = 4; lastKnownFileType = sourcecode.c.h; path = MMDrawerController.h; sourceTree = "<group>"; };
		2AA319351D38D7F400F64761 /* MMDrawerController.m */ = {isa = PBXFileReference; fileEncoding = 4; lastKnownFileType = sourcecode.c.objc; path = MMDrawerController.m; sourceTree = "<group>"; };
		2AA319361D38D7F400F64761 /* MMDrawerVisualState.h */ = {isa = PBXFileReference; fileEncoding = 4; lastKnownFileType = sourcecode.c.h; path = MMDrawerVisualState.h; sourceTree = "<group>"; };
		2AA319371D38D7F400F64761 /* MMDrawerVisualState.m */ = {isa = PBXFileReference; fileEncoding = 4; lastKnownFileType = sourcecode.c.objc; path = MMDrawerVisualState.m; sourceTree = "<group>"; };
		2AA319381D38D7F400F64761 /* UIViewController+MMDrawerController.h */ = {isa = PBXFileReference; fileEncoding = 4; lastKnownFileType = sourcecode.c.h; path = "UIViewController+MMDrawerController.h"; sourceTree = "<group>"; };
		2AA319391D38D7F400F64761 /* UIViewController+MMDrawerController.m */ = {isa = PBXFileReference; fileEncoding = 4; lastKnownFileType = sourcecode.c.objc; path = "UIViewController+MMDrawerController.m"; sourceTree = "<group>"; };
		2ACD31D41D3DD048006A1B89 /* SearchTableViewCell.h */ = {isa = PBXFileReference; fileEncoding = 4; lastKnownFileType = sourcecode.c.h; path = SearchTableViewCell.h; sourceTree = "<group>"; };
		2ACD31D51D3DD048006A1B89 /* SearchTableViewCell.m */ = {isa = PBXFileReference; fileEncoding = 4; lastKnownFileType = sourcecode.c.objc; path = SearchTableViewCell.m; sourceTree = "<group>"; };
		2ACD31D61D3DD048006A1B89 /* SearchTableViewCell.xib */ = {isa = PBXFileReference; fileEncoding = 4; lastKnownFileType = file.xib; path = SearchTableViewCell.xib; sourceTree = "<group>"; };
		2AD2CA491D40732F006C7D2A /* SegmentView.m */ = {isa = PBXFileReference; fileEncoding = 4; lastKnownFileType = sourcecode.c.objc; path = SegmentView.m; sourceTree = "<group>"; };
		2AD2CA4A1D40732F006C7D2A /* SegmentView.h */ = {isa = PBXFileReference; fileEncoding = 4; lastKnownFileType = sourcecode.c.h; path = SegmentView.h; sourceTree = "<group>"; };
		2ADEBE9F1D3F6156001EE6BE /* MainCellPushController.h */ = {isa = PBXFileReference; fileEncoding = 4; lastKnownFileType = sourcecode.c.h; path = MainCellPushController.h; sourceTree = "<group>"; };
		2ADEBEA01D3F6156001EE6BE /* MainCellPushController.m */ = {isa = PBXFileReference; fileEncoding = 4; lastKnownFileType = sourcecode.c.objc; path = MainCellPushController.m; sourceTree = "<group>"; };
		2ADEBEA21D3F74E8001EE6BE /* LLQNavigationHiddenViewController.h */ = {isa = PBXFileReference; fileEncoding = 4; lastKnownFileType = sourcecode.c.h; path = LLQNavigationHiddenViewController.h; sourceTree = "<group>"; };
		2ADEBEA31D3F74E8001EE6BE /* LLQNavigationHiddenViewController.m */ = {isa = PBXFileReference; fileEncoding = 4; lastKnownFileType = sourcecode.c.objc; path = LLQNavigationHiddenViewController.m; sourceTree = "<group>"; };
		2AE34CD91D3C8A7F004995BF /* MainNearbyView.h */ = {isa = PBXFileReference; fileEncoding = 4; lastKnownFileType = sourcecode.c.h; path = MainNearbyView.h; sourceTree = "<group>"; };
		2AE34CDA1D3C8A7F004995BF /* MainNearbyView.m */ = {isa = PBXFileReference; fileEncoding = 4; lastKnownFileType = sourcecode.c.objc; path = MainNearbyView.m; sourceTree = "<group>"; };
		2AE34CDC1D3CB310004995BF /* MainRecommendGroupModel.h */ = {isa = PBXFileReference; fileEncoding = 4; lastKnownFileType = sourcecode.c.h; path = MainRecommendGroupModel.h; sourceTree = "<group>"; };
		2AE34CDD1D3CB310004995BF /* MainRecommendGroupModel.m */ = {isa = PBXFileReference; fileEncoding = 4; lastKnownFileType = sourcecode.c.objc; path = MainRecommendGroupModel.m; sourceTree = "<group>"; };
		2AE34CE01D3CB3DE004995BF /* BVBaseModel.h */ = {isa = PBXFileReference; fileEncoding = 4; lastKnownFileType = sourcecode.c.h; path = BVBaseModel.h; sourceTree = "<group>"; };
		2AE34CE11D3CB3DE004995BF /* BVBaseModel.m */ = {isa = PBXFileReference; fileEncoding = 4; lastKnownFileType = sourcecode.c.objc; path = BVBaseModel.m; sourceTree = "<group>"; };
		2AE34CE31D3CB450004995BF /* BaseModel.h */ = {isa = PBXFileReference; fileEncoding = 4; lastKnownFileType = sourcecode.c.h; path = BaseModel.h; sourceTree = "<group>"; };
		2AE34CE41D3CB450004995BF /* BaseModel.m */ = {isa = PBXFileReference; fileEncoding = 4; lastKnownFileType = sourcecode.c.objc; path = BaseModel.m; sourceTree = "<group>"; };
		2AE34CE61D3CB745004995BF /* MainRecommendCellModel.h */ = {isa = PBXFileReference; fileEncoding = 4; lastKnownFileType = sourcecode.c.h; path = MainRecommendCellModel.h; sourceTree = "<group>"; };
		2AE34CE71D3CB745004995BF /* MainRecommendCellModel.m */ = {isa = PBXFileReference; fileEncoding = 4; lastKnownFileType = sourcecode.c.objc; path = MainRecommendCellModel.m; sourceTree = "<group>"; };
		2AE34CEC1D3CC15C004995BF /* MainRecommendCell.h */ = {isa = PBXFileReference; fileEncoding = 4; lastKnownFileType = sourcecode.c.h; path = MainRecommendCell.h; sourceTree = "<group>"; };
		2AE34CED1D3CC15C004995BF /* MainRecommendCell.m */ = {isa = PBXFileReference; fileEncoding = 4; lastKnownFileType = sourcecode.c.objc; path = MainRecommendCell.m; sourceTree = "<group>"; };
		2AE34CEE1D3CC15C004995BF /* MainRecommendCell.xib */ = {isa = PBXFileReference; fileEncoding = 4; lastKnownFileType = file.xib; path = MainRecommendCell.xib; sourceTree = "<group>"; };
		2AE34CF61D3CE7E1004995BF /* MainRecommendTableHeaderView.h */ = {isa = PBXFileReference; fileEncoding = 4; lastKnownFileType = sourcecode.c.h; path = MainRecommendTableHeaderView.h; sourceTree = "<group>"; };
		2AE34CF71D3CE7E1004995BF /* MainRecommendTableHeaderView.m */ = {isa = PBXFileReference; fileEncoding = 4; lastKnownFileType = sourcecode.c.objc; path = MainRecommendTableHeaderView.m; sourceTree = "<group>"; };
		2AE34CF91D3CE833004995BF /* MainRecommendTableHeaderView.xib */ = {isa = PBXFileReference; fileEncoding = 4; lastKnownFileType = file.xib; path = MainRecommendTableHeaderView.xib; sourceTree = "<group>"; };
		2AE34CFB1D3D127F004995BF /* SearchViewController.h */ = {isa = PBXFileReference; fileEncoding = 4; lastKnownFileType = sourcecode.c.h; path = SearchViewController.h; sourceTree = "<group>"; };
		2AE34CFC1D3D127F004995BF /* SearchViewController.m */ = {isa = PBXFileReference; fileEncoding = 4; lastKnownFileType = sourcecode.c.objc; path = SearchViewController.m; sourceTree = "<group>"; };
		513A7D1D1D3F5E9500480BF4 /* CCSegementView.h */ = {isa = PBXFileReference; fileEncoding = 4; lastKnownFileType = sourcecode.c.h; path = CCSegementView.h; sourceTree = "<group>"; };
		513A7D1E1D3F5E9500480BF4 /* CCSegementView.m */ = {isa = PBXFileReference; fileEncoding = 4; lastKnownFileType = sourcecode.c.objc; path = CCSegementView.m; sourceTree = "<group>"; };
		513A7D201D3F5F3900480BF4 /* CCSegementView.xib */ = {isa = PBXFileReference; fileEncoding = 4; lastKnownFileType = file.xib; path = CCSegementView.xib; sourceTree = "<group>"; };
		513A7D251D3F63E800480BF4 /* UIView+XMGExtension.h */ = {isa = PBXFileReference; fileEncoding = 4; lastKnownFileType = sourcecode.c.h; path = "UIView+XMGExtension.h"; sourceTree = "<group>"; };
		513A7D261D3F63E800480BF4 /* UIView+XMGExtension.m */ = {isa = PBXFileReference; fileEncoding = 4; lastKnownFileType = sourcecode.c.objc; path = "UIView+XMGExtension.m"; sourceTree = "<group>"; };
		889D62E81D3F6EF50027E53C /* SegementCell.xib */ = {isa = PBXFileReference; fileEncoding = 4; lastKnownFileType = file.xib; path = SegementCell.xib; sourceTree = "<group>"; };
		889D62EA1D3F7A610027E53C /* MXSegementView.h */ = {isa = PBXFileReference; fileEncoding = 4; lastKnownFileType = sourcecode.c.h; path = MXSegementView.h; sourceTree = "<group>"; };
		889D62EB1D3F7A610027E53C /* MXSegementView.m */ = {isa = PBXFileReference; fileEncoding = 4; lastKnownFileType = sourcecode.c.objc; path = MXSegementView.m; sourceTree = "<group>"; };
		889D62F01D3F8CE90027E53C /* UIView+ViewController.h */ = {isa = PBXFileReference; fileEncoding = 4; lastKnownFileType = sourcecode.c.h; path = "UIView+ViewController.h"; sourceTree = "<group>"; };
		889D62F11D3F8CE90027E53C /* UIView+ViewController.m */ = {isa = PBXFileReference; fileEncoding = 4; lastKnownFileType = sourcecode.c.objc; path = "UIView+ViewController.m"; sourceTree = "<group>"; };
		889D62F61D4075D40027E53C /* MXSegementCellCollectionViewCell.h */ = {isa = PBXFileReference; fileEncoding = 4; lastKnownFileType = sourcecode.c.h; path = MXSegementCellCollectionViewCell.h; sourceTree = "<group>"; };
		889D62F71D4075D40027E53C /* MXSegementCellCollectionViewCell.m */ = {isa = PBXFileReference; fileEncoding = 4; lastKnownFileType = sourcecode.c.objc; path = MXSegementCellCollectionViewCell.m; sourceTree = "<group>"; };
		C6E9AB051D3A249400A15CC1 /* WNXMenuButton.h */ = {isa = PBXFileReference; fileEncoding = 4; lastKnownFileType = sourcecode.c.h; path = WNXMenuButton.h; sourceTree = "<group>"; };
		C6E9AB061D3A249400A15CC1 /* WNXMenuButton.m */ = {isa = PBXFileReference; fileEncoding = 4; lastKnownFileType = sourcecode.c.objc; path = WNXMenuButton.m; sourceTree = "<group>"; };
		C6E9AB081D3A24C100A15CC1 /* SetingViewController.h */ = {isa = PBXFileReference; fileEncoding = 4; lastKnownFileType = sourcecode.c.h; path = SetingViewController.h; sourceTree = "<group>"; };
		C6E9AB091D3A24C100A15CC1 /* SetingViewController.m */ = {isa = PBXFileReference; fileEncoding = 4; lastKnownFileType = sourcecode.c.objc; path = SetingViewController.m; sourceTree = "<group>"; };
		C6E9AB0B1D3A250A00A15CC1 /* WNXMessageDeleteButton.h */ = {isa = PBXFileReference; fileEncoding = 4; lastKnownFileType = sourcecode.c.h; path = WNXMessageDeleteButton.h; sourceTree = "<group>"; };
		C6E9AB0C1D3A250A00A15CC1 /* WNXMessageDeleteButton.m */ = {isa = PBXFileReference; fileEncoding = 4; lastKnownFileType = sourcecode.c.objc; path = WNXMessageDeleteButton.m; sourceTree = "<group>"; };
		C6E9AB0D1D3A250A00A15CC1 /* WNXMessageRefreshHeader.h */ = {isa = PBXFileReference; fileEncoding = 4; lastKnownFileType = sourcecode.c.h; path = WNXMessageRefreshHeader.h; sourceTree = "<group>"; };
		C6E9AB0E1D3A250A00A15CC1 /* WNXMessageRefreshHeader.m */ = {isa = PBXFileReference; fileEncoding = 4; lastKnownFileType = sourcecode.c.objc; path = WNXMessageRefreshHeader.m; sourceTree = "<group>"; };
		C6E9AB0F1D3A250A00A15CC1 /* WNXMessageCell.h */ = {isa = PBXFileReference; fileEncoding = 4; lastKnownFileType = sourcecode.c.h; path = WNXMessageCell.h; sourceTree = "<group>"; };
		C6E9AB101D3A250A00A15CC1 /* WNXMessageCell.m */ = {isa = PBXFileReference; fileEncoding = 4; lastKnownFileType = sourcecode.c.objc; path = WNXMessageCell.m; sourceTree = "<group>"; };
		C6E9AB111D3A250A00A15CC1 /* WNXMessageCell.xib */ = {isa = PBXFileReference; fileEncoding = 4; lastKnownFileType = file.xib; path = WNXMessageCell.xib; sourceTree = "<group>"; };
		C6E9AB121D3A250A00A15CC1 /* WNXNoHaveMessageView.h */ = {isa = PBXFileReference; fileEncoding = 4; lastKnownFileType = sourcecode.c.h; path = WNXNoHaveMessageView.h; sourceTree = "<group>"; };
		C6E9AB131D3A250A00A15CC1 /* WNXNoHaveMessageView.m */ = {isa = PBXFileReference; fileEncoding = 4; lastKnownFileType = sourcecode.c.objc; path = WNXNoHaveMessageView.m; sourceTree = "<group>"; };
		C6E9AB141D3A250A00A15CC1 /* WNXNoHaveMessageView.xib */ = {isa = PBXFileReference; fileEncoding = 4; lastKnownFileType = file.xib; path = WNXNoHaveMessageView.xib; sourceTree = "<group>"; };
		C6E9AB1B1D3A252B00A15CC1 /* WNXMessageViewController.h */ = {isa = PBXFileReference; fileEncoding = 4; lastKnownFileType = sourcecode.c.h; path = WNXMessageViewController.h; sourceTree = "<group>"; };
		C6E9AB1C1D3A252B00A15CC1 /* WNXMessageViewController.m */ = {isa = PBXFileReference; fileEncoding = 4; lastKnownFileType = sourcecode.c.objc; path = WNXMessageViewController.m; sourceTree = "<group>"; };
		C6E9AB1D1D3A252B00A15CC1 /* WNXMessagePushViewController.h */ = {isa = PBXFileReference; fileEncoding = 4; lastKnownFileType = sourcecode.c.h; path = WNXMessagePushViewController.h; sourceTree = "<group>"; };
		C6E9AB1E1D3A252B00A15CC1 /* WNXMessagePushViewController.m */ = {isa = PBXFileReference; fileEncoding = 4; lastKnownFileType = sourcecode.c.objc; path = WNXMessagePushViewController.m; sourceTree = "<group>"; };
		C6E9AB211D3A259100A15CC1 /* WNXMessageModel.h */ = {isa = PBXFileReference; fileEncoding = 4; lastKnownFileType = sourcecode.c.h; path = WNXMessageModel.h; sourceTree = "<group>"; };
		C6E9AB221D3A259100A15CC1 /* WNXMessageModel.m */ = {isa = PBXFileReference; fileEncoding = 4; lastKnownFileType = sourcecode.c.objc; path = WNXMessageModel.m; sourceTree = "<group>"; };
		C6E9AB241D3A25A600A15CC1 /* Mypch.pch */ = {isa = PBXFileReference; lastKnownFileType = sourcecode.c.h; path = Mypch.pch; sourceTree = "<group>"; };
		C6E9AB251D3A25EA00A15CC1 /* WNXSetingViewController.h */ = {isa = PBXFileReference; fileEncoding = 4; lastKnownFileType = sourcecode.c.h; path = WNXSetingViewController.h; sourceTree = "<group>"; };
		C6E9AB261D3A25EA00A15CC1 /* WNXSetingViewController.m */ = {isa = PBXFileReference; fileEncoding = 4; lastKnownFileType = sourcecode.c.objc; path = WNXSetingViewController.m; sourceTree = "<group>"; };
		C6E9AB281D3A25F600A15CC1 /* WNXSetingView.h */ = {isa = PBXFileReference; fileEncoding = 4; lastKnownFileType = sourcecode.c.h; path = WNXSetingView.h; sourceTree = "<group>"; };
		C6E9AB291D3A25F600A15CC1 /* WNXSetingView.m */ = {isa = PBXFileReference; fileEncoding = 4; lastKnownFileType = sourcecode.c.objc; path = WNXSetingView.m; sourceTree = "<group>"; };
		C6E9AB2C1D3A29CE00A15CC1 /* UIBarButtonItem+WNXBarButtonItem.h */ = {isa = PBXFileReference; fileEncoding = 4; lastKnownFileType = sourcecode.c.h; path = "UIBarButtonItem+WNXBarButtonItem.h"; sourceTree = "<group>"; };
		C6E9AB2D1D3A29CE00A15CC1 /* UIBarButtonItem+WNXBarButtonItem.m */ = {isa = PBXFileReference; fileEncoding = 4; lastKnownFileType = sourcecode.c.objc; path = "UIBarButtonItem+WNXBarButtonItem.m"; sourceTree = "<group>"; };
		C6E9AB2E1D3A29CE00A15CC1 /* UIImage+Size.h */ = {isa = PBXFileReference; fileEncoding = 4; lastKnownFileType = sourcecode.c.h; path = "UIImage+Size.h"; sourceTree = "<group>"; };
		C6E9AB2F1D3A29CE00A15CC1 /* UIImage+Size.m */ = {isa = PBXFileReference; fileEncoding = 4; lastKnownFileType = sourcecode.c.objc; path = "UIImage+Size.m"; sourceTree = "<group>"; };
		C6E9AB331D3A314F00A15CC1 /* MessageData.plist */ = {isa = PBXFileReference; fileEncoding = 4; lastKnownFileType = text.plist.xml; path = MessageData.plist; sourceTree = "<group>"; };
		DC93DF00EAB2F12E7286723F /* libPods-MiMi.a */ = {isa = PBXFileReference; explicitFileType = archive.ar; includeInIndex = 0; path = "libPods-MiMi.a"; sourceTree = BUILT_PRODUCTS_DIR; };
		E98182F824C2EE4B496CF22F /* Pods-MiMi.debug.xcconfig */ = {isa = PBXFileReference; includeInIndex = 1; lastKnownFileType = text.xcconfig; name = "Pods-MiMi.debug.xcconfig"; path = "Pods/Target Support Files/Pods-MiMi/Pods-MiMi.debug.xcconfig"; sourceTree = "<group>"; };
		F05F156C1D3D010400DE454E /* PushFoundCell.h */ = {isa = PBXFileReference; fileEncoding = 4; lastKnownFileType = sourcecode.c.h; path = PushFoundCell.h; sourceTree = "<group>"; };
		F05F156D1D3D010400DE454E /* PushFoundCell.m */ = {isa = PBXFileReference; fileEncoding = 4; lastKnownFileType = sourcecode.c.objc; path = PushFoundCell.m; sourceTree = "<group>"; };
		F05F156E1D3D010400DE454E /* PushFoundCell.xib */ = {isa = PBXFileReference; fileEncoding = 4; lastKnownFileType = file.xib; path = PushFoundCell.xib; sourceTree = "<group>"; };
		F05F15711D3D04E700DE454E /* PushFoundModel.h */ = {isa = PBXFileReference; fileEncoding = 4; lastKnownFileType = sourcecode.c.h; path = PushFoundModel.h; sourceTree = "<group>"; };
		F05F15721D3D04E700DE454E /* PushFoundModel.m */ = {isa = PBXFileReference; fileEncoding = 4; lastKnownFileType = sourcecode.c.objc; path = PushFoundModel.m; sourceTree = "<group>"; };
		F08FC7C61D39144200A0AE0F /* FoundController.h */ = {isa = PBXFileReference; fileEncoding = 4; lastKnownFileType = sourcecode.c.h; path = FoundController.h; sourceTree = "<group>"; };
		F08FC7C71D39144200A0AE0F /* FoundController.m */ = {isa = PBXFileReference; fileEncoding = 4; lastKnownFileType = sourcecode.c.objc; path = FoundController.m; sourceTree = "<group>"; };
		F08FC7C81D39144200A0AE0F /* FoundController.xib */ = {isa = PBXFileReference; fileEncoding = 4; lastKnownFileType = file.xib; path = FoundController.xib; sourceTree = "<group>"; };
		F0E86D521D3A126E009EA5CF /* LoginOrRegisterController.h */ = {isa = PBXFileReference; fileEncoding = 4; lastKnownFileType = sourcecode.c.h; path = LoginOrRegisterController.h; sourceTree = "<group>"; };
		F0E86D531D3A126E009EA5CF /* LoginOrRegisterController.m */ = {isa = PBXFileReference; fileEncoding = 4; lastKnownFileType = sourcecode.c.objc; path = LoginOrRegisterController.m; sourceTree = "<group>"; };
		F0E86D541D3A126F009EA5CF /* LoginOrRegisterController.xib */ = {isa = PBXFileReference; fileEncoding = 4; lastKnownFileType = file.xib; path = LoginOrRegisterController.xib; sourceTree = "<group>"; };
		F0E86D571D3A1A4E009EA5CF /* CCCheckInput.h */ = {isa = PBXFileReference; fileEncoding = 4; lastKnownFileType = sourcecode.c.h; path = CCCheckInput.h; sourceTree = "<group>"; };
		F0E86D581D3A1A4E009EA5CF /* CCCheckInput.m */ = {isa = PBXFileReference; fileEncoding = 4; lastKnownFileType = sourcecode.c.objc; path = CCCheckInput.m; sourceTree = "<group>"; };
		F0E86D5A1D3A59FC009EA5CF /* FoundCell.h */ = {isa = PBXFileReference; fileEncoding = 4; lastKnownFileType = sourcecode.c.h; path = FoundCell.h; sourceTree = "<group>"; };
		F0E86D5B1D3A59FC009EA5CF /* FoundCell.m */ = {isa = PBXFileReference; fileEncoding = 4; lastKnownFileType = sourcecode.c.objc; path = FoundCell.m; sourceTree = "<group>"; };
		F0E86D5C1D3A59FC009EA5CF /* FoundCell.xib */ = {isa = PBXFileReference; fileEncoding = 4; lastKnownFileType = file.xib; path = FoundCell.xib; sourceTree = "<group>"; };
		F0E86D5F1D3A5C98009EA5CF /* PresentController.h */ = {isa = PBXFileReference; fileEncoding = 4; lastKnownFileType = sourcecode.c.h; path = PresentController.h; sourceTree = "<group>"; };
		F0E86D601D3A5C98009EA5CF /* PresentController.m */ = {isa = PBXFileReference; fileEncoding = 4; lastKnownFileType = sourcecode.c.objc; path = PresentController.m; sourceTree = "<group>"; };
		F0E86D651D3A61C6009EA5CF /* blurData.plist */ = {isa = PBXFileReference; fileEncoding = 4; lastKnownFileType = text.plist.xml; name = blurData.plist; path = CustomPlist/blurData.plist; sourceTree = "<group>"; };
		F0E86D661D3A61C6009EA5CF /* CellDatas.plist */ = {isa = PBXFileReference; fileEncoding = 4; lastKnownFileType = text.plist.xml; name = CellDatas.plist; path = CustomPlist/CellDatas.plist; sourceTree = "<group>"; };
		F0E86D671D3A61C6009EA5CF /* detailJson */ = {isa = PBXFileReference; fileEncoding = 4; lastKnownFileType = text; name = detailJson; path = CustomPlist/detailJson; sourceTree = "<group>"; };
		F0E86D681D3A61C6009EA5CF /* foundData.plist */ = {isa = PBXFileReference; fileEncoding = 4; lastKnownFileType = text.plist.xml; name = foundData.plist; path = CustomPlist/foundData.plist; sourceTree = "<group>"; };
		F0E86D691D3A61C6009EA5CF /* HomeDatas.plist */ = {isa = PBXFileReference; fileEncoding = 4; lastKnownFileType = text.plist.xml; name = HomeDatas.plist; path = CustomPlist/HomeDatas.plist; sourceTree = "<group>"; };
		F0E86D6A1D3A61C6009EA5CF /* infoDatas.plist */ = {isa = PBXFileReference; fileEncoding = 4; lastKnownFileType = text.plist.xml; name = infoDatas.plist; path = CustomPlist/infoDatas.plist; sourceTree = "<group>"; };
		F0E86D731D3A641C009EA5CF /* FoundModel.h */ = {isa = PBXFileReference; fileEncoding = 4; lastKnownFileType = sourcecode.c.h; path = FoundModel.h; sourceTree = "<group>"; };
		F0E86D741D3A641C009EA5CF /* FoundModel.m */ = {isa = PBXFileReference; fileEncoding = 4; lastKnownFileType = sourcecode.c.objc; path = FoundModel.m; sourceTree = "<group>"; };
/* End PBXFileReference section */

/* Begin PBXFrameworksBuildPhase section */
		2AA318FA1D38D5D600F64761 /* Frameworks */ = {
			isa = PBXFrameworksBuildPhase;
			buildActionMask = 2147483647;
			files = (
				D75685C243CB51AEF9C937BE /* libPods-MiMi.a in Frameworks */,
			);
			runOnlyForDeploymentPostprocessing = 0;
		};
/* End PBXFrameworksBuildPhase section */

/* Begin PBXGroup section */
		2AA318F41D38D5D600F64761 = {
			isa = PBXGroup;
			children = (
				2AA318FF1D38D5D600F64761 /* MiMi */,
				2AA318FE1D38D5D600F64761 /* Products */,
				62F156475CCD5FE2173BD5FD /* Pods */,
				3C8A63763184D59EF7CB2127 /* Frameworks */,
			);
			sourceTree = "<group>";
		};
		2AA318FE1D38D5D600F64761 /* Products */ = {
			isa = PBXGroup;
			children = (
				2AA318FD1D38D5D600F64761 /* MiMi.app */,
			);
			name = Products;
			sourceTree = "<group>";
		};
		2AA318FF1D38D5D600F64761 /* MiMi */ = {
			isa = PBXGroup;
			children = (
				2AE34CDF1D3CB34F004995BF /* Base */,
				C6E9AB321D3A312600A15CC1 /* Plist */,
				2AA319181D38D5F800F64761 /* Main */,
				2AA319191D38D60D00F64761 /* Found */,
				2AA3191A1D38D63800F64761 /* Messge */,
				2AA3191B1D38D65500F64761 /* Seting */,
				2AA319171D38D5EE00F64761 /* Other */,
				2AA319031D38D5D600F64761 /* AppDelegate.h */,
				2AA319041D38D5D600F64761 /* AppDelegate.m */,
				2AA3190C1D38D5D600F64761 /* Assets.xcassets */,
				2AA319111D38D5D600F64761 /* Info.plist */,
				2AA319001D38D5D600F64761 /* Supporting Files */,
			);
			path = MiMi;
			sourceTree = "<group>";
		};
		2AA319001D38D5D600F64761 /* Supporting Files */ = {
			isa = PBXGroup;
			children = (
				2AA319011D38D5D600F64761 /* main.m */,
				C6E9AB241D3A25A600A15CC1 /* Mypch.pch */,
			);
			name = "Supporting Files";
			sourceTree = "<group>";
		};
		2AA319171D38D5EE00F64761 /* Other */ = {
			isa = PBXGroup;
			children = (
				2AE34CD51D3C87C4004995BF /* LLQNavigationController */,
				C6E9AB2B1D3A29A500A15CC1 /* Coustom */,
				2AA319301D38D7F400F64761 /* MMDrawerController */,
			);
			name = Other;
			sourceTree = "<group>";
		};
		2AA319181D38D5F800F64761 /* Main */ = {
			isa = PBXGroup;
			children = (
				2AA3191C1D38D68D00F64761 /* Model */,
				2AA3191D1D38D69800F64761 /* View */,
				2AA3191E1D38D6A000F64761 /* Controller */,
			);
			name = Main;
			sourceTree = "<group>";
		};
		2AA319191D38D60D00F64761 /* Found */ = {
			isa = PBXGroup;
			children = (
				2AA319291D38D73C00F64761 /* Model */,
				2AA319281D38D73300F64761 /* View */,
				2AA319271D38D72700F64761 /* Controller */,
			);
			name = Found;
			sourceTree = "<group>";
		};
		2AA3191A1D38D63800F64761 /* Messge */ = {
			isa = PBXGroup;
			children = (
				2AA3192A1D38D75E00F64761 /* Model */,
				2AA3192C1D38D77700F64761 /* View */,
				2AA3192B1D38D76800F64761 /* Controller */,
			);
			name = Messge;
			sourceTree = "<group>";
		};
		2AA3191B1D38D65500F64761 /* Seting */ = {
			isa = PBXGroup;
			children = (
				2AA3192F1D38D7A400F64761 /* Model */,
				2AA3192E1D38D79B00F64761 /* View */,
				2AA3192D1D38D78B00F64761 /* Controller */,
			);
			name = Seting;
			sourceTree = "<group>";
		};
		2AA3191C1D38D68D00F64761 /* Model */ = {
			isa = PBXGroup;
			children = (
				2AE34CE61D3CB745004995BF /* MainRecommendCellModel.h */,
				2AE34CE71D3CB745004995BF /* MainRecommendCellModel.m */,
				2AE34CDC1D3CB310004995BF /* MainRecommendGroupModel.h */,
				2AE34CDD1D3CB310004995BF /* MainRecommendGroupModel.m */,
			);
			name = Model;
			sourceTree = "<group>";
		};
		2AA3191D1D38D69800F64761 /* View */ = {
			isa = PBXGroup;
			children = (
				2AD2CA4A1D40732F006C7D2A /* SegmentView.h */,
				2AD2CA491D40732F006C7D2A /* SegmentView.m */,
				C6E9AB051D3A249400A15CC1 /* WNXMenuButton.h */,
				C6E9AB061D3A249400A15CC1 /* WNXMenuButton.m */,
				2AE34CD91D3C8A7F004995BF /* MainNearbyView.h */,
				2AE34CDA1D3C8A7F004995BF /* MainNearbyView.m */,
				2AE34CEC1D3CC15C004995BF /* MainRecommendCell.h */,
				2AE34CED1D3CC15C004995BF /* MainRecommendCell.m */,
				2AE34CEE1D3CC15C004995BF /* MainRecommendCell.xib */,
				2AE34CF61D3CE7E1004995BF /* MainRecommendTableHeaderView.h */,
				2AE34CF71D3CE7E1004995BF /* MainRecommendTableHeaderView.m */,
				2AE34CF91D3CE833004995BF /* MainRecommendTableHeaderView.xib */,
				2ACD31D41D3DD048006A1B89 /* SearchTableViewCell.h */,
				2ACD31D51D3DD048006A1B89 /* SearchTableViewCell.m */,
				2ACD31D61D3DD048006A1B89 /* SearchTableViewCell.xib */,
				516392B91D40B83A0022E071 /* CCUserView.h */,
				516392BA1D40B83A0022E071 /* CCUserView.m */,
				516392BC1D40B8540022E071 /* CCUserView.xib */,
			);
			name = View;
			sourceTree = "<group>";
		};
		2AA3191E1D38D6A000F64761 /* Controller */ = {
			isa = PBXGroup;
			children = (
				F0E86D511D3A1254009EA5CF /* 注册登录 */,
				2A24375E1D39C8D700F8FA31 /* MainViewController.h */,
				2A24375F1D39C8D700F8FA31 /* MainViewController.m */,
				2AA319221D38D6F000F64761 /* LeftViewController.h */,
				2AA319231D38D6F000F64761 /* LeftViewController.m */,
				2AA319241D38D6F000F64761 /* LeftViewController.xib */,
				2AE34CFB1D3D127F004995BF /* SearchViewController.h */,
				2AE34CFC1D3D127F004995BF /* SearchViewController.m */,
				2ADEBE9F1D3F6156001EE6BE /* MainCellPushController.h */,
				2ADEBEA01D3F6156001EE6BE /* MainCellPushController.m */,
			);
			name = Controller;
			sourceTree = "<group>";
		};
		2AA319271D38D72700F64761 /* Controller */ = {
			isa = PBXGroup;
			children = (
				F08FC7C61D39144200A0AE0F /* FoundController.h */,
				F08FC7C71D39144200A0AE0F /* FoundController.m */,
				F08FC7C81D39144200A0AE0F /* FoundController.xib */,
				F0E86D5F1D3A5C98009EA5CF /* PresentController.h */,
				F0E86D601D3A5C98009EA5CF /* PresentController.m */,
			);
			name = Controller;
			sourceTree = "<group>";
		};
		2AA319281D38D73300F64761 /* View */ = {
			isa = PBXGroup;
			children = (
				F0E86D5A1D3A59FC009EA5CF /* FoundCell.h */,
				F0E86D5B1D3A59FC009EA5CF /* FoundCell.m */,
				F0E86D5C1D3A59FC009EA5CF /* FoundCell.xib */,
				F05F156C1D3D010400DE454E /* PushFoundCell.h */,
				F05F156D1D3D010400DE454E /* PushFoundCell.m */,
				F05F156E1D3D010400DE454E /* PushFoundCell.xib */,
				513A7D1D1D3F5E9500480BF4 /* CCSegementView.h */,
				513A7D1E1D3F5E9500480BF4 /* CCSegementView.m */,
				513A7D201D3F5F3900480BF4 /* CCSegementView.xib */,
				889D62F61D4075D40027E53C /* MXSegementCellCollectionViewCell.h */,
				889D62F71D4075D40027E53C /* MXSegementCellCollectionViewCell.m */,
				889D62E81D3F6EF50027E53C /* SegementCell.xib */,
				889D62EA1D3F7A610027E53C /* MXSegementView.h */,
				889D62EB1D3F7A610027E53C /* MXSegementView.m */,
			);
			name = View;
			sourceTree = "<group>";
		};
		2AA319291D38D73C00F64761 /* Model */ = {
			isa = PBXGroup;
			children = (
				F0E86D731D3A641C009EA5CF /* FoundModel.h */,
				F0E86D741D3A641C009EA5CF /* FoundModel.m */,
				F05F15711D3D04E700DE454E /* PushFoundModel.h */,
				F05F15721D3D04E700DE454E /* PushFoundModel.m */,
			);
			name = Model;
			sourceTree = "<group>";
		};
		2AA3192A1D38D75E00F64761 /* Model */ = {
			isa = PBXGroup;
			children = (
				C6E9AB211D3A259100A15CC1 /* WNXMessageModel.h */,
				C6E9AB221D3A259100A15CC1 /* WNXMessageModel.m */,
			);
			name = Model;
			sourceTree = "<group>";
		};
		2AA3192B1D38D76800F64761 /* Controller */ = {
			isa = PBXGroup;
			children = (
				C6E9AB1B1D3A252B00A15CC1 /* WNXMessageViewController.h */,
				C6E9AB1C1D3A252B00A15CC1 /* WNXMessageViewController.m */,
				C6E9AB1D1D3A252B00A15CC1 /* WNXMessagePushViewController.h */,
				C6E9AB1E1D3A252B00A15CC1 /* WNXMessagePushViewController.m */,
			);
			name = Controller;
			sourceTree = "<group>";
		};
		2AA3192C1D38D77700F64761 /* View */ = {
			isa = PBXGroup;
			children = (
				C6E9AB0B1D3A250A00A15CC1 /* WNXMessageDeleteButton.h */,
				C6E9AB0C1D3A250A00A15CC1 /* WNXMessageDeleteButton.m */,
				C6E9AB0D1D3A250A00A15CC1 /* WNXMessageRefreshHeader.h */,
				C6E9AB0E1D3A250A00A15CC1 /* WNXMessageRefreshHeader.m */,
				C6E9AB0F1D3A250A00A15CC1 /* WNXMessageCell.h */,
				C6E9AB101D3A250A00A15CC1 /* WNXMessageCell.m */,
				C6E9AB111D3A250A00A15CC1 /* WNXMessageCell.xib */,
				C6E9AB121D3A250A00A15CC1 /* WNXNoHaveMessageView.h */,
				C6E9AB131D3A250A00A15CC1 /* WNXNoHaveMessageView.m */,
				C6E9AB141D3A250A00A15CC1 /* WNXNoHaveMessageView.xib */,
			);
			name = View;
			sourceTree = "<group>";
		};
		2AA3192D1D38D78B00F64761 /* Controller */ = {
			isa = PBXGroup;
			children = (
				C6E9AB251D3A25EA00A15CC1 /* WNXSetingViewController.h */,
				C6E9AB261D3A25EA00A15CC1 /* WNXSetingViewController.m */,
			);
			name = Controller;
			sourceTree = "<group>";
		};
		2AA3192E1D38D79B00F64761 /* View */ = {
			isa = PBXGroup;
			children = (
				C6E9AB281D3A25F600A15CC1 /* WNXSetingView.h */,
				C6E9AB291D3A25F600A15CC1 /* WNXSetingView.m */,
			);
			name = View;
			sourceTree = "<group>";
		};
		2AA3192F1D38D7A400F64761 /* Model */ = {
			isa = PBXGroup;
			children = (
			);
			name = Model;
			sourceTree = "<group>";
		};
		2AA319301D38D7F400F64761 /* MMDrawerController */ = {
			isa = PBXGroup;
			children = (
				2AA319311D38D7F400F64761 /* MMDrawerBarButtonItem.h */,
				2AA319321D38D7F400F64761 /* MMDrawerBarButtonItem.m */,
				2AA319331D38D7F400F64761 /* MMDrawerController+Subclass.h */,
				2AA319341D38D7F400F64761 /* MMDrawerController.h */,
				2AA319351D38D7F400F64761 /* MMDrawerController.m */,
				2AA319361D38D7F400F64761 /* MMDrawerVisualState.h */,
				2AA319371D38D7F400F64761 /* MMDrawerVisualState.m */,
				2AA319381D38D7F400F64761 /* UIViewController+MMDrawerController.h */,
				2AA319391D38D7F400F64761 /* UIViewController+MMDrawerController.m */,
			);
			path = MMDrawerController;
			sourceTree = "<group>";
		};
		2AE34CD51D3C87C4004995BF /* LLQNavigationController */ = {
			isa = PBXGroup;
			children = (
				2A2437611D39D83E00F8FA31 /* LLQNavigationController.h */,
				2A2437621D39D83E00F8FA31 /* LLQNavigationController.m */,
			);
			name = LLQNavigationController;
			sourceTree = "<group>";
		};
		2AE34CDF1D3CB34F004995BF /* Base */ = {
			isa = PBXGroup;
			children = (
				889D62F01D3F8CE90027E53C /* UIView+ViewController.h */,
				889D62F11D3F8CE90027E53C /* UIView+ViewController.m */,
				513A7D241D3F63E800480BF4 /* 位置信息类目 */,
				2AE34CE01D3CB3DE004995BF /* BVBaseModel.h */,
				2AE34CE11D3CB3DE004995BF /* BVBaseModel.m */,
				2AE34CE31D3CB450004995BF /* BaseModel.h */,
				2AE34CE41D3CB450004995BF /* BaseModel.m */,
				C6E9AB081D3A24C100A15CC1 /* SetingViewController.h */,
				C6E9AB091D3A24C100A15CC1 /* SetingViewController.m */,
				2ADEBEA21D3F74E8001EE6BE /* LLQNavigationHiddenViewController.h */,
				2ADEBEA31D3F74E8001EE6BE /* LLQNavigationHiddenViewController.m */,
			);
			name = Base;
			sourceTree = "<group>";
		};
		3C8A63763184D59EF7CB2127 /* Frameworks */ = {
			isa = PBXGroup;
			children = (
				DC93DF00EAB2F12E7286723F /* libPods-MiMi.a */,
			);
			name = Frameworks;
			sourceTree = "<group>";
		};
		513A7D241D3F63E800480BF4 /* 位置信息类目 */ = {
			isa = PBXGroup;
			children = (
				513A7D251D3F63E800480BF4 /* UIView+XMGExtension.h */,
				513A7D261D3F63E800480BF4 /* UIView+XMGExtension.m */,
			);
			path = "位置信息类目";
			sourceTree = "<group>";
		};
		62F156475CCD5FE2173BD5FD /* Pods */ = {
			isa = PBXGroup;
			children = (
				E98182F824C2EE4B496CF22F /* Pods-MiMi.debug.xcconfig */,
				25D78BDFD5E059D472AFA63D /* Pods-MiMi.release.xcconfig */,
			);
			name = Pods;
			sourceTree = "<group>";
		};
		C6E9AB2B1D3A29A500A15CC1 /* Coustom */ = {
			isa = PBXGroup;
			children = (
				C6E9AB2C1D3A29CE00A15CC1 /* UIBarButtonItem+WNXBarButtonItem.h */,
				C6E9AB2D1D3A29CE00A15CC1 /* UIBarButtonItem+WNXBarButtonItem.m */,
				C6E9AB2E1D3A29CE00A15CC1 /* UIImage+Size.h */,
				C6E9AB2F1D3A29CE00A15CC1 /* UIImage+Size.m */,
			);
			name = Coustom;
			sourceTree = "<group>";
		};
		C6E9AB321D3A312600A15CC1 /* Plist */ = {
			isa = PBXGroup;
			children = (
				F0E86D651D3A61C6009EA5CF /* blurData.plist */,
				F0E86D661D3A61C6009EA5CF /* CellDatas.plist */,
				F0E86D671D3A61C6009EA5CF /* detailJson */,
				F0E86D681D3A61C6009EA5CF /* foundData.plist */,
				F0E86D691D3A61C6009EA5CF /* HomeDatas.plist */,
				F0E86D6A1D3A61C6009EA5CF /* infoDatas.plist */,
				C6E9AB331D3A314F00A15CC1 /* MessageData.plist */,
			);
			name = Plist;
			sourceTree = "<group>";
		};
		F0E86D511D3A1254009EA5CF /* 注册登录 */ = {
			isa = PBXGroup;
			children = (
				F0E86D521D3A126E009EA5CF /* LoginOrRegisterController.h */,
				F0E86D531D3A126E009EA5CF /* LoginOrRegisterController.m */,
				F0E86D541D3A126F009EA5CF /* LoginOrRegisterController.xib */,
				F0E86D571D3A1A4E009EA5CF /* CCCheckInput.h */,
				F0E86D581D3A1A4E009EA5CF /* CCCheckInput.m */,
			);
			name = "注册登录";
			sourceTree = "<group>";
		};
/* End PBXGroup section */

/* Begin PBXNativeTarget section */
		2AA318FC1D38D5D600F64761 /* MiMi */ = {
			isa = PBXNativeTarget;
			buildConfigurationList = 2AA319141D38D5D600F64761 /* Build configuration list for PBXNativeTarget "MiMi" */;
			buildPhases = (
				C2F847F6526CA16AB868A310 /* [CP] Check Pods Manifest.lock */,
				2AA318F91D38D5D600F64761 /* Sources */,
				2AA318FA1D38D5D600F64761 /* Frameworks */,
				2AA318FB1D38D5D600F64761 /* Resources */,
				45F480E77E1BCB77B1738486 /* [CP] Embed Pods Frameworks */,
				28E11FE6BD5C9A7DDE439B9E /* [CP] Copy Pods Resources */,
			);
			buildRules = (
			);
			dependencies = (
			);
			name = MiMi;
			productName = MiMi;
			productReference = 2AA318FD1D38D5D600F64761 /* MiMi.app */;
			productType = "com.apple.product-type.application";
		};
/* End PBXNativeTarget section */

/* Begin PBXProject section */
		2AA318F51D38D5D600F64761 /* Project object */ = {
			isa = PBXProject;
			attributes = {
				LastUpgradeCheck = 0720;
				ORGANIZATIONNAME = LLQ;
				TargetAttributes = {
					2AA318FC1D38D5D600F64761 = {
						CreatedOnToolsVersion = 7.2.1;
						DevelopmentTeam = XV5U4BTA2P;
					};
				};
			};
			buildConfigurationList = 2AA318F81D38D5D600F64761 /* Build configuration list for PBXProject "MiMi" */;
			compatibilityVersion = "Xcode 3.2";
			developmentRegion = English;
			hasScannedForEncodings = 0;
			knownRegions = (
				en,
				Base,
			);
			mainGroup = 2AA318F41D38D5D600F64761;
			productRefGroup = 2AA318FE1D38D5D600F64761 /* Products */;
			projectDirPath = "";
			projectRoot = "";
			targets = (
				2AA318FC1D38D5D600F64761 /* MiMi */,
			);
		};
/* End PBXProject section */

/* Begin PBXResourcesBuildPhase section */
		2AA318FB1D38D5D600F64761 /* Resources */ = {
			isa = PBXResourcesBuildPhase;
			buildActionMask = 2147483647;
			files = (
				2AE34CF01D3CC15C004995BF /* MainRecommendCell.xib in Resources */,
				889D62E91D3F6EF50027E53C /* SegementCell.xib in Resources */,
				F08FC7CA1D39144200A0AE0F /* FoundController.xib in Resources */,
				F0E86D711D3A61C6009EA5CF /* infoDatas.plist in Resources */,
				513A7D211D3F5F3900480BF4 /* CCSegementView.xib in Resources */,
				F05F15701D3D010400DE454E /* PushFoundCell.xib in Resources */,
				C6E9AB341D3A314F00A15CC1 /* MessageData.plist in Resources */,
				C6E9AB1A1D3A250A00A15CC1 /* WNXNoHaveMessageView.xib in Resources */,
				2AA319261D38D6F000F64761 /* LeftViewController.xib in Resources */,
				2AA3190D1D38D5D600F64761 /* Assets.xcassets in Resources */,
				F0E86D561D3A126F009EA5CF /* LoginOrRegisterController.xib in Resources */,
				F0E86D5E1D3A59FC009EA5CF /* FoundCell.xib in Resources */,
				516392BD1D40B8540022E071 /* CCUserView.xib in Resources */,
				F0E86D6E1D3A61C6009EA5CF /* detailJson in Resources */,
				2ACD31D81D3DD048006A1B89 /* SearchTableViewCell.xib in Resources */,
				2AE34CFA1D3CE833004995BF /* MainRecommendTableHeaderView.xib in Resources */,
				C6E9AB181D3A250A00A15CC1 /* WNXMessageCell.xib in Resources */,
				F0E86D6D1D3A61C6009EA5CF /* CellDatas.plist in Resources */,
				F0E86D6C1D3A61C6009EA5CF /* blurData.plist in Resources */,
				F0E86D701D3A61C6009EA5CF /* HomeDatas.plist in Resources */,
				F0E86D6F1D3A61C6009EA5CF /* foundData.plist in Resources */,
			);
			runOnlyForDeploymentPostprocessing = 0;
		};
/* End PBXResourcesBuildPhase section */

/* Begin PBXShellScriptBuildPhase section */
		28E11FE6BD5C9A7DDE439B9E /* [CP] Copy Pods Resources */ = {
			isa = PBXShellScriptBuildPhase;
			buildActionMask = 2147483647;
			files = (
			);
			inputPaths = (
			);
			name = "[CP] Copy Pods Resources";
			outputPaths = (
			);
			runOnlyForDeploymentPostprocessing = 0;
			shellPath = /bin/sh;
			shellScript = "\"${SRCROOT}/Pods/Target Support Files/Pods-MiMi/Pods-MiMi-resources.sh\"\n";
			showEnvVarsInLog = 0;
		};
		45F480E77E1BCB77B1738486 /* [CP] Embed Pods Frameworks */ = {
			isa = PBXShellScriptBuildPhase;
			buildActionMask = 2147483647;
			files = (
			);
			inputPaths = (
			);
			name = "[CP] Embed Pods Frameworks";
			outputPaths = (
			);
			runOnlyForDeploymentPostprocessing = 0;
			shellPath = /bin/sh;
			shellScript = "\"${SRCROOT}/Pods/Target Support Files/Pods-MiMi/Pods-MiMi-frameworks.sh\"\n";
			showEnvVarsInLog = 0;
		};
		C2F847F6526CA16AB868A310 /* [CP] Check Pods Manifest.lock */ = {
			isa = PBXShellScriptBuildPhase;
			buildActionMask = 2147483647;
			files = (
			);
			inputPaths = (
			);
			name = "[CP] Check Pods Manifest.lock";
			outputPaths = (
			);
			runOnlyForDeploymentPostprocessing = 0;
			shellPath = /bin/sh;
			shellScript = "diff \"${PODS_ROOT}/../Podfile.lock\" \"${PODS_ROOT}/Manifest.lock\" > /dev/null\nif [[ $? != 0 ]] ; then\n    cat << EOM\nerror: The sandbox is not in sync with the Podfile.lock. Run 'pod install' or update your CocoaPods installation.\nEOM\n    exit 1\nfi\n";
			showEnvVarsInLog = 0;
		};
/* End PBXShellScriptBuildPhase section */

/* Begin PBXSourcesBuildPhase section */
		2AA318F91D38D5D600F64761 /* Sources */ = {
			isa = PBXSourcesBuildPhase;
			buildActionMask = 2147483647;
			files = (
				2AA319051D38D5D600F64761 /* AppDelegate.m in Sources */,
				2AE34CE81D3CB745004995BF /* MainRecommendCellModel.m in Sources */,
				F05F156F1D3D010400DE454E /* PushFoundCell.m in Sources */,
				F0E86D591D3A1A4E009EA5CF /* CCCheckInput.m in Sources */,
				2AA319251D38D6F000F64761 /* LeftViewController.m in Sources */,
				F08FC7C91D39144200A0AE0F /* FoundController.m in Sources */,
				2AE34CF81D3CE7E1004995BF /* MainRecommendTableHeaderView.m in Sources */,
				2AE34CDB1D3C8A7F004995BF /* MainNearbyView.m in Sources */,
				C6E9AB231D3A259100A15CC1 /* WNXMessageModel.m in Sources */,
				C6E9AB0A1D3A24C100A15CC1 /* SetingViewController.m in Sources */,
				513A7D271D3F63E800480BF4 /* UIView+XMGExtension.m in Sources */,
				2A2437601D39C8D700F8FA31 /* MainViewController.m in Sources */,
				889D62F21D3F8CE90027E53C /* UIView+ViewController.m in Sources */,
				2ACD31D71D3DD048006A1B89 /* SearchTableViewCell.m in Sources */,
				C6E9AB301D3A29CE00A15CC1 /* UIBarButtonItem+WNXBarButtonItem.m in Sources */,
				C6E9AB1F1D3A252B00A15CC1 /* WNXMessageViewController.m in Sources */,
				C6E9AB151D3A250A00A15CC1 /* WNXMessageDeleteButton.m in Sources */,
				C6E9AB191D3A250A00A15CC1 /* WNXNoHaveMessageView.m in Sources */,
				2AE34CEF1D3CC15C004995BF /* MainRecommendCell.m in Sources */,
				C6E9AB171D3A250A00A15CC1 /* WNXMessageCell.m in Sources */,
				F0E86D5D1D3A59FC009EA5CF /* FoundCell.m in Sources */,
				F05F15731D3D04E700DE454E /* PushFoundModel.m in Sources */,
				513A7D1F1D3F5E9500480BF4 /* CCSegementView.m in Sources */,
				C6E9AB201D3A252B00A15CC1 /* WNXMessagePushViewController.m in Sources */,
				2AA3193A1D38D7F400F64761 /* MMDrawerBarButtonItem.m in Sources */,
				889D62F81D4075D40027E53C /* MXSegementCellCollectionViewCell.m in Sources */,
				2AA3193D1D38D7F400F64761 /* UIViewController+MMDrawerController.m in Sources */,
				2AE34CE21D3CB3DE004995BF /* BVBaseModel.m in Sources */,
				2AE34CE51D3CB450004995BF /* BaseModel.m in Sources */,
				516392BB1D40B83A0022E071 /* CCUserView.m in Sources */,
				2AE34CFD1D3D127F004995BF /* SearchViewController.m in Sources */,
				2AA319021D38D5D600F64761 /* main.m in Sources */,
				2AA3193B1D38D7F400F64761 /* MMDrawerController.m in Sources */,
				2AD2CA4B1D40732F006C7D2A /* SegmentView.m in Sources */,
				2AA3193C1D38D7F400F64761 /* MMDrawerVisualState.m in Sources */,
				889D62EC1D3F7A610027E53C /* MXSegementView.m in Sources */,
				F0E86D621D3A5C98009EA5CF /* PresentController.m in Sources */,
				2A2437631D39D83E00F8FA31 /* LLQNavigationController.m in Sources */,
				C6E9AB071D3A249400A15CC1 /* WNXMenuButton.m in Sources */,
				C6E9AB2A1D3A25F600A15CC1 /* WNXSetingView.m in Sources */,
				C6E9AB161D3A250A00A15CC1 /* WNXMessageRefreshHeader.m in Sources */,
				2AE34CDE1D3CB310004995BF /* MainRecommendGroupModel.m in Sources */,
				F0E86D751D3A641C009EA5CF /* FoundModel.m in Sources */,
				2ADEBEA11D3F6156001EE6BE /* MainCellPushController.m in Sources */,
				C6E9AB311D3A29CE00A15CC1 /* UIImage+Size.m in Sources */,
				C6E9AB271D3A25EA00A15CC1 /* WNXSetingViewController.m in Sources */,
				F0E86D551D3A126F009EA5CF /* LoginOrRegisterController.m in Sources */,
				2ADEBEA41D3F74E8001EE6BE /* LLQNavigationHiddenViewController.m in Sources */,
			);
			runOnlyForDeploymentPostprocessing = 0;
		};
/* End PBXSourcesBuildPhase section */

/* Begin XCBuildConfiguration section */
		2AA319121D38D5D600F64761 /* Debug */ = {
			isa = XCBuildConfiguration;
			buildSettings = {
				ALWAYS_SEARCH_USER_PATHS = NO;
				CLANG_CXX_LANGUAGE_STANDARD = "gnu++0x";
				CLANG_CXX_LIBRARY = "libc++";
				CLANG_ENABLE_MODULES = YES;
				CLANG_ENABLE_OBJC_ARC = YES;
				CLANG_WARN_BOOL_CONVERSION = YES;
				CLANG_WARN_CONSTANT_CONVERSION = YES;
				CLANG_WARN_DIRECT_OBJC_ISA_USAGE = YES_ERROR;
				CLANG_WARN_EMPTY_BODY = YES;
				CLANG_WARN_ENUM_CONVERSION = YES;
				CLANG_WARN_INT_CONVERSION = YES;
				CLANG_WARN_OBJC_ROOT_CLASS = YES_ERROR;
				CLANG_WARN_UNREACHABLE_CODE = YES;
				CLANG_WARN__DUPLICATE_METHOD_MATCH = YES;
				"CODE_SIGN_IDENTITY[sdk=iphoneos*]" = "iPhone Developer";
				COPY_PHASE_STRIP = NO;
				DEBUG_INFORMATION_FORMAT = dwarf;
				ENABLE_STRICT_OBJC_MSGSEND = YES;
				ENABLE_TESTABILITY = YES;
				GCC_C_LANGUAGE_STANDARD = gnu99;
				GCC_DYNAMIC_NO_PIC = NO;
				GCC_NO_COMMON_BLOCKS = YES;
				GCC_OPTIMIZATION_LEVEL = 0;
				GCC_PREPROCESSOR_DEFINITIONS = (
					"DEBUG=1",
					"$(inherited)",
				);
				GCC_WARN_64_TO_32_BIT_CONVERSION = YES;
				GCC_WARN_ABOUT_RETURN_TYPE = YES_ERROR;
				GCC_WARN_UNDECLARED_SELECTOR = YES;
				GCC_WARN_UNINITIALIZED_AUTOS = YES_AGGRESSIVE;
				GCC_WARN_UNUSED_FUNCTION = YES;
				GCC_WARN_UNUSED_VARIABLE = YES;
				IPHONEOS_DEPLOYMENT_TARGET = 9.2;
				MTL_ENABLE_DEBUG_INFO = YES;
				ONLY_ACTIVE_ARCH = YES;
				SDKROOT = iphoneos;
				TARGETED_DEVICE_FAMILY = "1,2";
			};
			name = Debug;
		};
		2AA319131D38D5D600F64761 /* Release */ = {
			isa = XCBuildConfiguration;
			buildSettings = {
				ALWAYS_SEARCH_USER_PATHS = NO;
				CLANG_CXX_LANGUAGE_STANDARD = "gnu++0x";
				CLANG_CXX_LIBRARY = "libc++";
				CLANG_ENABLE_MODULES = YES;
				CLANG_ENABLE_OBJC_ARC = YES;
				CLANG_WARN_BOOL_CONVERSION = YES;
				CLANG_WARN_CONSTANT_CONVERSION = YES;
				CLANG_WARN_DIRECT_OBJC_ISA_USAGE = YES_ERROR;
				CLANG_WARN_EMPTY_BODY = YES;
				CLANG_WARN_ENUM_CONVERSION = YES;
				CLANG_WARN_INT_CONVERSION = YES;
				CLANG_WARN_OBJC_ROOT_CLASS = YES_ERROR;
				CLANG_WARN_UNREACHABLE_CODE = YES;
				CLANG_WARN__DUPLICATE_METHOD_MATCH = YES;
				"CODE_SIGN_IDENTITY[sdk=iphoneos*]" = "iPhone Developer";
				COPY_PHASE_STRIP = NO;
				DEBUG_INFORMATION_FORMAT = "dwarf-with-dsym";
				ENABLE_NS_ASSERTIONS = NO;
				ENABLE_STRICT_OBJC_MSGSEND = YES;
				GCC_C_LANGUAGE_STANDARD = gnu99;
				GCC_NO_COMMON_BLOCKS = YES;
				GCC_WARN_64_TO_32_BIT_CONVERSION = YES;
				GCC_WARN_ABOUT_RETURN_TYPE = YES_ERROR;
				GCC_WARN_UNDECLARED_SELECTOR = YES;
				GCC_WARN_UNINITIALIZED_AUTOS = YES_AGGRESSIVE;
				GCC_WARN_UNUSED_FUNCTION = YES;
				GCC_WARN_UNUSED_VARIABLE = YES;
				IPHONEOS_DEPLOYMENT_TARGET = 9.2;
				MTL_ENABLE_DEBUG_INFO = NO;
				SDKROOT = iphoneos;
				TARGETED_DEVICE_FAMILY = "1,2";
				VALIDATE_PRODUCT = YES;
			};
			name = Release;
		};
		2AA319151D38D5D600F64761 /* Debug */ = {
			isa = XCBuildConfiguration;
			baseConfigurationReference = E98182F824C2EE4B496CF22F /* Pods-MiMi.debug.xcconfig */;
			buildSettings = {
				ASSETCATALOG_COMPILER_APPICON_NAME = AppIcon;
				ASSETCATALOG_COMPILER_LAUNCHIMAGE_NAME = "Brand Assets";
				CODE_SIGN_IDENTITY = "iPhone Developer";
				"CODE_SIGN_IDENTITY[sdk=iphoneos*]" = "iPhone Developer";
				GCC_PREFIX_HEADER = "$(SRCROOT)/MiMi/Mypch.pch";
				INFOPLIST_FILE = MiMi/Info.plist;
				IPHONEOS_DEPLOYMENT_TARGET = 9.1;
				LD_RUNPATH_SEARCH_PATHS = "$(inherited) @executable_path/Frameworks";
				PRODUCT_BUNDLE_IDENTIFIER = Quan.com.MiMi;
				PRODUCT_NAME = "$(TARGET_NAME)";
				PROVISIONING_PROFILE = "";
			};
			name = Debug;
		};
		2AA319161D38D5D600F64761 /* Release */ = {
			isa = XCBuildConfiguration;
			baseConfigurationReference = 25D78BDFD5E059D472AFA63D /* Pods-MiMi.release.xcconfig */;
			buildSettings = {
				ASSETCATALOG_COMPILER_APPICON_NAME = AppIcon;
				ASSETCATALOG_COMPILER_LAUNCHIMAGE_NAME = "Brand Assets";
				CODE_SIGN_IDENTITY = "iPhone Developer";
				"CODE_SIGN_IDENTITY[sdk=iphoneos*]" = "iPhone Developer";
				GCC_PREFIX_HEADER = "$(SRCROOT)/MiMi/Mypch.pch";
				INFOPLIST_FILE = MiMi/Info.plist;
				IPHONEOS_DEPLOYMENT_TARGET = 9.1;
				LD_RUNPATH_SEARCH_PATHS = "$(inherited) @executable_path/Frameworks";
				PRODUCT_BUNDLE_IDENTIFIER = Quan.com.MiMi;
				PRODUCT_NAME = "$(TARGET_NAME)";
				PROVISIONING_PROFILE = "";
			};
			name = Release;
		};
/* End XCBuildConfiguration section */

/* Begin XCConfigurationList section */
		2AA318F81D38D5D600F64761 /* Build configuration list for PBXProject "MiMi" */ = {
			isa = XCConfigurationList;
			buildConfigurations = (
				2AA319121D38D5D600F64761 /* Debug */,
				2AA319131D38D5D600F64761 /* Release */,
			);
			defaultConfigurationIsVisible = 0;
			defaultConfigurationName = Release;
		};
		2AA319141D38D5D600F64761 /* Build configuration list for PBXNativeTarget "MiMi" */ = {
			isa = XCConfigurationList;
			buildConfigurations = (
				2AA319151D38D5D600F64761 /* Debug */,
				2AA319161D38D5D600F64761 /* Release */,
			);
			defaultConfigurationIsVisible = 0;
			defaultConfigurationName = Release;
		};
/* End XCConfigurationList section */
	};
	rootObject = 2AA318F51D38D5D600F64761 /* Project object */;
}
